// !$*UTF8*$!
{
	archiveVersion = 1;
	classes = {
	};
	objectVersion = 46;
	objects = {

/* Begin PBXBuildFile section */
		42C4AB761F88AE0B000D4282 /* AppDelegate.swift in Sources */ = {isa = PBXBuildFile; fileRef = 42C4AB751F88AE0B000D4282 /* AppDelegate.swift */; };
		42C4AB781F88AE0B000D4282 /* ViewController.swift in Sources */ = {isa = PBXBuildFile; fileRef = 42C4AB771F88AE0B000D4282 /* ViewController.swift */; };
		42C4AB7B1F88AE0B000D4282 /* Main.storyboard in Resources */ = {isa = PBXBuildFile; fileRef = 42C4AB791F88AE0B000D4282 /* Main.storyboard */; };
		42C4AB7D1F88AE0B000D4282 /* Assets.xcassets in Resources */ = {isa = PBXBuildFile; fileRef = 42C4AB7C1F88AE0B000D4282 /* Assets.xcassets */; };
		42C4AB801F88AE0B000D4282 /* LaunchScreen.storyboard in Resources */ = {isa = PBXBuildFile; fileRef = 42C4AB7E1F88AE0B000D4282 /* LaunchScreen.storyboard */; };
		42C4AB8B1F88AE0B000D4282 /* imgurTests.swift in Sources */ = {isa = PBXBuildFile; fileRef = 42C4AB8A1F88AE0B000D4282 /* imgurTests.swift */; };
		42C4AB961F88AE0C000D4282 /* imgurUITests.swift in Sources */ = {isa = PBXBuildFile; fileRef = 42C4AB951F88AE0C000D4282 /* imgurUITests.swift */; };
		9F9D08F1A9951B5CD55ED035 /* Pods_imgurUITests.framework in Frameworks */ = {isa = PBXBuildFile; fileRef = D108F75D2CDF8684E61034A3 /* Pods_imgurUITests.framework */; };
		A8132081F58F5D3F819A54A5 /* Pods_imgur.framework in Frameworks */ = {isa = PBXBuildFile; fileRef = 929D30675B0A565014240D58 /* Pods_imgur.framework */; };
		D9A34D201FD64C3B916AA466 /* Pods_imgurTests.framework in Frameworks */ = {isa = PBXBuildFile; fileRef = 2B9623629D9FFD32B50B12A6 /* Pods_imgurTests.framework */; };
/* End PBXBuildFile section */

/* Begin PBXContainerItemProxy section */
		42C4AB871F88AE0B000D4282 /* PBXContainerItemProxy */ = {
			isa = PBXContainerItemProxy;
			containerPortal = 42C4AB6A1F88AE0B000D4282 /* Project object */;
			proxyType = 1;
			remoteGlobalIDString = 42C4AB711F88AE0B000D4282;
			remoteInfo = imgur;
		};
		42C4AB921F88AE0C000D4282 /* PBXContainerItemProxy */ = {
			isa = PBXContainerItemProxy;
			containerPortal = 42C4AB6A1F88AE0B000D4282 /* Project object */;
			proxyType = 1;
			remoteGlobalIDString = 42C4AB711F88AE0B000D4282;
			remoteInfo = imgur;
		};
/* End PBXContainerItemProxy section */

/* Begin PBXFileReference section */
		2B9623629D9FFD32B50B12A6 /* Pods_imgurTests.framework */ = {isa = PBXFileReference; explicitFileType = wrapper.framework; includeInIndex = 0; path = Pods_imgurTests.framework; sourceTree = BUILT_PRODUCTS_DIR; };
		42C4AB721F88AE0B000D4282 /* imgur.app */ = {isa = PBXFileReference; explicitFileType = wrapper.application; includeInIndex = 0; path = imgur.app; sourceTree = BUILT_PRODUCTS_DIR; };
		42C4AB751F88AE0B000D4282 /* AppDelegate.swift */ = {isa = PBXFileReference; lastKnownFileType = sourcecode.swift; path = AppDelegate.swift; sourceTree = "<group>"; };
		42C4AB771F88AE0B000D4282 /* ViewController.swift */ = {isa = PBXFileReference; lastKnownFileType = sourcecode.swift; path = ViewController.swift; sourceTree = "<group>"; };
		42C4AB7A1F88AE0B000D4282 /* Base */ = {isa = PBXFileReference; lastKnownFileType = file.storyboard; name = Base; path = Base.lproj/Main.storyboard; sourceTree = "<group>"; };
		42C4AB7C1F88AE0B000D4282 /* Assets.xcassets */ = {isa = PBXFileReference; lastKnownFileType = folder.assetcatalog; path = Assets.xcassets; sourceTree = "<group>"; };
		42C4AB7F1F88AE0B000D4282 /* Base */ = {isa = PBXFileReference; lastKnownFileType = file.storyboard; name = Base; path = Base.lproj/LaunchScreen.storyboard; sourceTree = "<group>"; };
		42C4AB811F88AE0B000D4282 /* Info.plist */ = {isa = PBXFileReference; lastKnownFileType = text.plist.xml; path = Info.plist; sourceTree = "<group>"; };
		42C4AB861F88AE0B000D4282 /* imgurTests.xctest */ = {isa = PBXFileReference; explicitFileType = wrapper.cfbundle; includeInIndex = 0; path = imgurTests.xctest; sourceTree = BUILT_PRODUCTS_DIR; };
		42C4AB8A1F88AE0B000D4282 /* imgurTests.swift */ = {isa = PBXFileReference; lastKnownFileType = sourcecode.swift; path = imgurTests.swift; sourceTree = "<group>"; };
		42C4AB8C1F88AE0B000D4282 /* Info.plist */ = {isa = PBXFileReference; lastKnownFileType = text.plist.xml; path = Info.plist; sourceTree = "<group>"; };
		42C4AB911F88AE0B000D4282 /* imgurUITests.xctest */ = {isa = PBXFileReference; explicitFileType = wrapper.cfbundle; includeInIndex = 0; path = imgurUITests.xctest; sourceTree = BUILT_PRODUCTS_DIR; };
		42C4AB951F88AE0C000D4282 /* imgurUITests.swift */ = {isa = PBXFileReference; lastKnownFileType = sourcecode.swift; path = imgurUITests.swift; sourceTree = "<group>"; };
		42C4AB971F88AE0C000D4282 /* Info.plist */ = {isa = PBXFileReference; lastKnownFileType = text.plist.xml; path = Info.plist; sourceTree = "<group>"; };
		486D559263A0FBEFDD86E6B0 /* Pods-imgurUITests.release.xcconfig */ = {isa = PBXFileReference; includeInIndex = 1; lastKnownFileType = text.xcconfig; name = "Pods-imgurUITests.release.xcconfig"; path = "Pods/Target Support Files/Pods-imgurUITests/Pods-imgurUITests.release.xcconfig"; sourceTree = "<group>"; };
		4EF5FF0D6E29B71904201B6C /* Pods-imgurTests.debug.xcconfig */ = {isa = PBXFileReference; includeInIndex = 1; lastKnownFileType = text.xcconfig; name = "Pods-imgurTests.debug.xcconfig"; path = "Pods/Target Support Files/Pods-imgurTests/Pods-imgurTests.debug.xcconfig"; sourceTree = "<group>"; };
		54EE71FC24B3B7FBE53B4992 /* Pods-imgurUITests.debug.xcconfig */ = {isa = PBXFileReference; includeInIndex = 1; lastKnownFileType = text.xcconfig; name = "Pods-imgurUITests.debug.xcconfig"; path = "Pods/Target Support Files/Pods-imgurUITests/Pods-imgurUITests.debug.xcconfig"; sourceTree = "<group>"; };
		63B2BB47916826609F7D2420 /* Pods-imgur.debug.xcconfig */ = {isa = PBXFileReference; includeInIndex = 1; lastKnownFileType = text.xcconfig; name = "Pods-imgur.debug.xcconfig"; path = "Pods/Target Support Files/Pods-imgur/Pods-imgur.debug.xcconfig"; sourceTree = "<group>"; };
		929D30675B0A565014240D58 /* Pods_imgur.framework */ = {isa = PBXFileReference; explicitFileType = wrapper.framework; includeInIndex = 0; path = Pods_imgur.framework; sourceTree = BUILT_PRODUCTS_DIR; };
		C72F14307B957A99ABBBD17B /* Pods-imgur.release.xcconfig */ = {isa = PBXFileReference; includeInIndex = 1; lastKnownFileType = text.xcconfig; name = "Pods-imgur.release.xcconfig"; path = "Pods/Target Support Files/Pods-imgur/Pods-imgur.release.xcconfig"; sourceTree = "<group>"; };
		D108F75D2CDF8684E61034A3 /* Pods_imgurUITests.framework */ = {isa = PBXFileReference; explicitFileType = wrapper.framework; includeInIndex = 0; path = Pods_imgurUITests.framework; sourceTree = BUILT_PRODUCTS_DIR; };
		E0A760DDC166EBB554F22304 /* Pods-imgurTests.release.xcconfig */ = {isa = PBXFileReference; includeInIndex = 1; lastKnownFileType = text.xcconfig; name = "Pods-imgurTests.release.xcconfig"; path = "Pods/Target Support Files/Pods-imgurTests/Pods-imgurTests.release.xcconfig"; sourceTree = "<group>"; };
/* End PBXFileReference section */

/* Begin PBXFrameworksBuildPhase section */
		42C4AB6F1F88AE0B000D4282 /* Frameworks */ = {
			isa = PBXFrameworksBuildPhase;
			buildActionMask = 2147483647;
			files = (
				A8132081F58F5D3F819A54A5 /* Pods_imgur.framework in Frameworks */,
			);
			runOnlyForDeploymentPostprocessing = 0;
		};
		42C4AB831F88AE0B000D4282 /* Frameworks */ = {
			isa = PBXFrameworksBuildPhase;
			buildActionMask = 2147483647;
			files = (
				D9A34D201FD64C3B916AA466 /* Pods_imgurTests.framework in Frameworks */,
			);
			runOnlyForDeploymentPostprocessing = 0;
		};
		42C4AB8E1F88AE0B000D4282 /* Frameworks */ = {
			isa = PBXFrameworksBuildPhase;
			buildActionMask = 2147483647;
			files = (
				9F9D08F1A9951B5CD55ED035 /* Pods_imgurUITests.framework in Frameworks */,
			);
			runOnlyForDeploymentPostprocessing = 0;
		};
/* End PBXFrameworksBuildPhase section */

/* Begin PBXGroup section */
		42C4AB691F88AE0B000D4282 = {
			isa = PBXGroup;
			children = (
				42C4AB741F88AE0B000D4282 /* imgur */,
				42C4AB891F88AE0B000D4282 /* imgurTests */,
				42C4AB941F88AE0C000D4282 /* imgurUITests */,
				42C4AB731F88AE0B000D4282 /* Products */,
				F5769D35AA84F6812913A8E3 /* Pods */,
				8905CAA1DBFDF76D9A7B8A85 /* Frameworks */,
			);
			sourceTree = "<group>";
		};
		42C4AB731F88AE0B000D4282 /* Products */ = {
			isa = PBXGroup;
			children = (
				42C4AB721F88AE0B000D4282 /* imgur.app */,
				42C4AB861F88AE0B000D4282 /* imgurTests.xctest */,
				42C4AB911F88AE0B000D4282 /* imgurUITests.xctest */,
			);
			name = Products;
			sourceTree = "<group>";
		};
		42C4AB741F88AE0B000D4282 /* imgur */ = {
			isa = PBXGroup;
			children = (
				42C4AB751F88AE0B000D4282 /* AppDelegate.swift */,
				42C4AB771F88AE0B000D4282 /* ViewController.swift */,
				42C4AB791F88AE0B000D4282 /* Main.storyboard */,
				42C4AB7C1F88AE0B000D4282 /* Assets.xcassets */,
				42C4AB7E1F88AE0B000D4282 /* LaunchScreen.storyboard */,
				42C4AB811F88AE0B000D4282 /* Info.plist */,
			);
			path = imgur;
			sourceTree = "<group>";
		};
		42C4AB891F88AE0B000D4282 /* imgurTests */ = {
			isa = PBXGroup;
			children = (
				42C4AB8A1F88AE0B000D4282 /* imgurTests.swift */,
				42C4AB8C1F88AE0B000D4282 /* Info.plist */,
			);
			path = imgurTests;
			sourceTree = "<group>";
		};
		42C4AB941F88AE0C000D4282 /* imgurUITests */ = {
			isa = PBXGroup;
			children = (
				42C4AB951F88AE0C000D4282 /* imgurUITests.swift */,
				42C4AB971F88AE0C000D4282 /* Info.plist */,
			);
			path = imgurUITests;
			sourceTree = "<group>";
		};
		8905CAA1DBFDF76D9A7B8A85 /* Frameworks */ = {
			isa = PBXGroup;
			children = (
				929D30675B0A565014240D58 /* Pods_imgur.framework */,
				2B9623629D9FFD32B50B12A6 /* Pods_imgurTests.framework */,
				D108F75D2CDF8684E61034A3 /* Pods_imgurUITests.framework */,
			);
			name = Frameworks;
			sourceTree = "<group>";
		};
		F5769D35AA84F6812913A8E3 /* Pods */ = {
			isa = PBXGroup;
			children = (
				63B2BB47916826609F7D2420 /* Pods-imgur.debug.xcconfig */,
				C72F14307B957A99ABBBD17B /* Pods-imgur.release.xcconfig */,
				4EF5FF0D6E29B71904201B6C /* Pods-imgurTests.debug.xcconfig */,
				E0A760DDC166EBB554F22304 /* Pods-imgurTests.release.xcconfig */,
				54EE71FC24B3B7FBE53B4992 /* Pods-imgurUITests.debug.xcconfig */,
				486D559263A0FBEFDD86E6B0 /* Pods-imgurUITests.release.xcconfig */,
			);
			name = Pods;
			sourceTree = "<group>";
		};
/* End PBXGroup section */

/* Begin PBXNativeTarget section */
		42C4AB711F88AE0B000D4282 /* imgur */ = {
			isa = PBXNativeTarget;
			buildConfigurationList = 42C4AB9A1F88AE0C000D4282 /* Build configuration list for PBXNativeTarget "imgur" */;
			buildPhases = (
				8DE3E5E862582285E2D5EACD /* [CP] Check Pods Manifest.lock */,
				42C4AB6E1F88AE0B000D4282 /* Sources */,
				42C4AB6F1F88AE0B000D4282 /* Frameworks */,
				42C4AB701F88AE0B000D4282 /* Resources */,
				026C51456C0429DF0DCDF894 /* [CP] Embed Pods Frameworks */,
				BC7A89EB099427076DF21BAF /* [CP] Copy Pods Resources */,
			);
			buildRules = (
			);
			dependencies = (
			);
			name = imgur;
			productName = imgur;
			productReference = 42C4AB721F88AE0B000D4282 /* imgur.app */;
			productType = "com.apple.product-type.application";
		};
		42C4AB851F88AE0B000D4282 /* imgurTests */ = {
			isa = PBXNativeTarget;
			buildConfigurationList = 42C4AB9D1F88AE0C000D4282 /* Build configuration list for PBXNativeTarget "imgurTests" */;
			buildPhases = (
				288BE1D52D564830DB004E0B /* [CP] Check Pods Manifest.lock */,
				42C4AB821F88AE0B000D4282 /* Sources */,
				42C4AB831F88AE0B000D4282 /* Frameworks */,
				42C4AB841F88AE0B000D4282 /* Resources */,
				719E99CD35D321B4A69DAC30 /* [CP] Embed Pods Frameworks */,
				448A529C974BCF47682904DF /* [CP] Copy Pods Resources */,
			);
			buildRules = (
			);
			dependencies = (
				42C4AB881F88AE0B000D4282 /* PBXTargetDependency */,
			);
			name = imgurTests;
			productName = imgurTests;
			productReference = 42C4AB861F88AE0B000D4282 /* imgurTests.xctest */;
			productType = "com.apple.product-type.bundle.unit-test";
		};
		42C4AB901F88AE0B000D4282 /* imgurUITests */ = {
			isa = PBXNativeTarget;
			buildConfigurationList = 42C4ABA01F88AE0C000D4282 /* Build configuration list for PBXNativeTarget "imgurUITests" */;
			buildPhases = (
				48EF4B4FBBBD86A662CD32A0 /* [CP] Check Pods Manifest.lock */,
				42C4AB8D1F88AE0B000D4282 /* Sources */,
				42C4AB8E1F88AE0B000D4282 /* Frameworks */,
				42C4AB8F1F88AE0B000D4282 /* Resources */,
				CBD5B0EFE0AE1D31959E1E28 /* [CP] Embed Pods Frameworks */,
				809F1E8C88F066D9147A2D0A /* [CP] Copy Pods Resources */,
			);
			buildRules = (
			);
			dependencies = (
				42C4AB931F88AE0C000D4282 /* PBXTargetDependency */,
			);
			name = imgurUITests;
			productName = imgurUITests;
			productReference = 42C4AB911F88AE0B000D4282 /* imgurUITests.xctest */;
			productType = "com.apple.product-type.bundle.ui-testing";
		};
/* End PBXNativeTarget section */

/* Begin PBXProject section */
		42C4AB6A1F88AE0B000D4282 /* Project object */ = {
			isa = PBXProject;
			attributes = {
				LastSwiftUpdateCheck = 0820;
				LastUpgradeCheck = 0820;
				ORGANIZATIONNAME = "Ivan Ruiz Monjo";
				TargetAttributes = {
					42C4AB711F88AE0B000D4282 = {
						CreatedOnToolsVersion = 8.2.1;
						ProvisioningStyle = Automatic;
					};
					42C4AB851F88AE0B000D4282 = {
						CreatedOnToolsVersion = 8.2.1;
						ProvisioningStyle = Automatic;
						TestTargetID = 42C4AB711F88AE0B000D4282;
					};
					42C4AB901F88AE0B000D4282 = {
						CreatedOnToolsVersion = 8.2.1;
						ProvisioningStyle = Automatic;
						TestTargetID = 42C4AB711F88AE0B000D4282;
					};
				};
			};
			buildConfigurationList = 42C4AB6D1F88AE0B000D4282 /* Build configuration list for PBXProject "imgur" */;
			compatibilityVersion = "Xcode 3.2";
			developmentRegion = English;
			hasScannedForEncodings = 0;
			knownRegions = (
				en,
				Base,
			);
			mainGroup = 42C4AB691F88AE0B000D4282;
			productRefGroup = 42C4AB731F88AE0B000D4282 /* Products */;
			projectDirPath = "";
			projectRoot = "";
			targets = (
				42C4AB711F88AE0B000D4282 /* imgur */,
				42C4AB851F88AE0B000D4282 /* imgurTests */,
				42C4AB901F88AE0B000D4282 /* imgurUITests */,
			);
		};
/* End PBXProject section */

/* Begin PBXResourcesBuildPhase section */
		42C4AB701F88AE0B000D4282 /* Resources */ = {
			isa = PBXResourcesBuildPhase;
			buildActionMask = 2147483647;
			files = (
				42C4AB801F88AE0B000D4282 /* LaunchScreen.storyboard in Resources */,
				42C4AB7D1F88AE0B000D4282 /* Assets.xcassets in Resources */,
				42C4AB7B1F88AE0B000D4282 /* Main.storyboard in Resources */,
			);
			runOnlyForDeploymentPostprocessing = 0;
		};
		42C4AB841F88AE0B000D4282 /* Resources */ = {
			isa = PBXResourcesBuildPhase;
			buildActionMask = 2147483647;
			files = (
			);
			runOnlyForDeploymentPostprocessing = 0;
		};
		42C4AB8F1F88AE0B000D4282 /* Resources */ = {
			isa = PBXResourcesBuildPhase;
			buildActionMask = 2147483647;
			files = (
			);
			runOnlyForDeploymentPostprocessing = 0;
		};
/* End PBXResourcesBuildPhase section */

/* Begin PBXShellScriptBuildPhase section */
		026C51456C0429DF0DCDF894 /* [CP] Embed Pods Frameworks */ = {
			isa = PBXShellScriptBuildPhase;
			buildActionMask = 2147483647;
			files = (
			);
			inputPaths = (
			);
			name = "[CP] Embed Pods Frameworks";
			outputPaths = (
			);
			runOnlyForDeploymentPostprocessing = 0;
			shellPath = /bin/sh;
			shellScript = "\"${SRCROOT}/Pods/Target Support Files/Pods-imgur/Pods-imgur-frameworks.sh\"\n";
			showEnvVarsInLog = 0;
		};
		288BE1D52D564830DB004E0B /* [CP] Check Pods Manifest.lock */ = {
			isa = PBXShellScriptBuildPhase;
			buildActionMask = 2147483647;
			files = (
			);
			inputPaths = (
			);
			name = "[CP] Check Pods Manifest.lock";
			outputPaths = (
			);
			runOnlyForDeploymentPostprocessing = 0;
			shellPath = /bin/sh;
			shellScript = "diff \"${PODS_ROOT}/../Podfile.lock\" \"${PODS_ROOT}/Manifest.lock\" > /dev/null\nif [ $? != 0 ] ; then\n    # print error to STDERR\n    echo \"error: The sandbox is not in sync with the Podfile.lock. Run 'pod install' or update your CocoaPods installation.\" >&2\n    exit 1\nfi\n";
			showEnvVarsInLog = 0;
		};
		448A529C974BCF47682904DF /* [CP] Copy Pods Resources */ = {
			isa = PBXShellScriptBuildPhase;
			buildActionMask = 2147483647;
			files = (
			);
			inputPaths = (
			);
			name = "[CP] Copy Pods Resources";
			outputPaths = (
			);
			runOnlyForDeploymentPostprocessing = 0;
			shellPath = /bin/sh;
			shellScript = "\"${SRCROOT}/Pods/Target Support Files/Pods-imgurTests/Pods-imgurTests-resources.sh\"\n";
			showEnvVarsInLog = 0;
		};
		48EF4B4FBBBD86A662CD32A0 /* [CP] Check Pods Manifest.lock */ = {
			isa = PBXShellScriptBuildPhase;
			buildActionMask = 2147483647;
			files = (
			);
			inputPaths = (
			);
			name = "[CP] Check Pods Manifest.lock";
			outputPaths = (
			);
			runOnlyForDeploymentPostprocessing = 0;
			shellPath = /bin/sh;
			shellScript = "diff \"${PODS_ROOT}/../Podfile.lock\" \"${PODS_ROOT}/Manifest.lock\" > /dev/null\nif [ $? != 0 ] ; then\n    # print error to STDERR\n    echo \"error: The sandbox is not in sync with the Podfile.lock. Run 'pod install' or update your CocoaPods installation.\" >&2\n    exit 1\nfi\n";
			showEnvVarsInLog = 0;
		};
		719E99CD35D321B4A69DAC30 /* [CP] Embed Pods Frameworks */ = {
			isa = PBXShellScriptBuildPhase;
			buildActionMask = 2147483647;
			files = (
			);
			inputPaths = (
			);
			name = "[CP] Embed Pods Frameworks";
			outputPaths = (
			);
			runOnlyForDeploymentPostprocessing = 0;
			shellPath = /bin/sh;
			shellScript = "\"${SRCROOT}/Pods/Target Support Files/Pods-imgurTests/Pods-imgurTests-frameworks.sh\"\n";
			showEnvVarsInLog = 0;
		};
		809F1E8C88F066D9147A2D0A /* [CP] Copy Pods Resources */ = {
			isa = PBXShellScriptBuildPhase;
			buildActionMask = 2147483647;
			files = (
			);
			inputPaths = (
			);
			name = "[CP] Copy Pods Resources";
			outputPaths = (
			);
			runOnlyForDeploymentPostprocessing = 0;
			shellPath = /bin/sh;
			shellScript = "\"${SRCROOT}/Pods/Target Support Files/Pods-imgurUITests/Pods-imgurUITests-resources.sh\"\n";
			showEnvVarsInLog = 0;
		};
		8DE3E5E862582285E2D5EACD /* [CP] Check Pods Manifest.lock */ = {
			isa = PBXShellScriptBuildPhase;
			buildActionMask = 2147483647;
			files = (
			);
			inputPaths = (
			);
			name = "[CP] Check Pods Manifest.lock";
			outputPaths = (
			);
			runOnlyForDeploymentPostprocessing = 0;
			shellPath = /bin/sh;
			shellScript = "diff \"${PODS_ROOT}/../Podfile.lock\" \"${PODS_ROOT}/Manifest.lock\" > /dev/null\nif [ $? != 0 ] ; then\n    # print error to STDERR\n    echo \"error: The sandbox is not in sync with the Podfile.lock. Run 'pod install' or update your CocoaPods installation.\" >&2\n    exit 1\nfi\n";
			showEnvVarsInLog = 0;
		};
		BC7A89EB099427076DF21BAF /* [CP] Copy Pods Resources */ = {
			isa = PBXShellScriptBuildPhase;
			buildActionMask = 2147483647;
			files = (
			);
			inputPaths = (
			);
			name = "[CP] Copy Pods Resources";
			outputPaths = (
			);
			runOnlyForDeploymentPostprocessing = 0;
			shellPath = /bin/sh;
			shellScript = "\"${SRCROOT}/Pods/Target Support Files/Pods-imgur/Pods-imgur-resources.sh\"\n";
			showEnvVarsInLog = 0;
		};
		CBD5B0EFE0AE1D31959E1E28 /* [CP] Embed Pods Frameworks */ = {
			isa = PBXShellScriptBuildPhase;
			buildActionMask = 2147483647;
			files = (
			);
			inputPaths = (
			);
			name = "[CP] Embed Pods Frameworks";
			outputPaths = (
			);
			runOnlyForDeploymentPostprocessing = 0;
			shellPath = /bin/sh;
			shellScript = "\"${SRCROOT}/Pods/Target Support Files/Pods-imgurUITests/Pods-imgurUITests-frameworks.sh\"\n";
			showEnvVarsInLog = 0;
		};
/* End PBXShellScriptBuildPhase section */

/* Begin PBXSourcesBuildPhase section */
		42C4AB6E1F88AE0B000D4282 /* Sources */ = {
			isa = PBXSourcesBuildPhase;
			buildActionMask = 2147483647;
			files = (
				42C4AB781F88AE0B000D4282 /* ViewController.swift in Sources */,
				42C4AB761F88AE0B000D4282 /* AppDelegate.swift in Sources */,
			);
			runOnlyForDeploymentPostprocessing = 0;
		};
		42C4AB821F88AE0B000D4282 /* Sources */ = {
			isa = PBXSourcesBuildPhase;
			buildActionMask = 2147483647;
			files = (
				42C4AB8B1F88AE0B000D4282 /* imgurTests.swift in Sources */,
			);
			runOnlyForDeploymentPostprocessing = 0;
		};
		42C4AB8D1F88AE0B000D4282 /* Sources */ = {
			isa = PBXSourcesBuildPhase;
			buildActionMask = 2147483647;
			files = (
				42C4AB961F88AE0C000D4282 /* imgurUITests.swift in Sources */,
			);
			runOnlyForDeploymentPostprocessing = 0;
		};
/* End PBXSourcesBuildPhase section */

/* Begin PBXTargetDependency section */
		42C4AB881F88AE0B000D4282 /* PBXTargetDependency */ = {
			isa = PBXTargetDependency;
			target = 42C4AB711F88AE0B000D4282 /* imgur */;
			targetProxy = 42C4AB871F88AE0B000D4282 /* PBXContainerItemProxy */;
		};
		42C4AB931F88AE0C000D4282 /* PBXTargetDependency */ = {
			isa = PBXTargetDependency;
			target = 42C4AB711F88AE0B000D4282 /* imgur */;
			targetProxy = 42C4AB921F88AE0C000D4282 /* PBXContainerItemProxy */;
		};
/* End PBXTargetDependency section */

/* Begin PBXVariantGroup section */
		42C4AB791F88AE0B000D4282 /* Main.storyboard */ = {
			isa = PBXVariantGroup;
			children = (
				42C4AB7A1F88AE0B000D4282 /* Base */,
			);
			name = Main.storyboard;
			sourceTree = "<group>";
		};
		42C4AB7E1F88AE0B000D4282 /* LaunchScreen.storyboard */ = {
			isa = PBXVariantGroup;
			children = (
				42C4AB7F1F88AE0B000D4282 /* Base */,
			);
			name = LaunchScreen.storyboard;
			sourceTree = "<group>";
		};
/* End PBXVariantGroup section */

/* Begin XCBuildConfiguration section */
		42C4AB981F88AE0C000D4282 /* Debug */ = {
			isa = XCBuildConfiguration;
			buildSettings = {
				ALWAYS_SEARCH_USER_PATHS = NO;
				CLANG_ANALYZER_NONNULL = YES;
				CLANG_CXX_LANGUAGE_STANDARD = "gnu++0x";
				CLANG_CXX_LIBRARY = "libc++";
				CLANG_ENABLE_MODULES = YES;
				CLANG_ENABLE_OBJC_ARC = YES;
				CLANG_WARN_BOOL_CONVERSION = YES;
				CLANG_WARN_CONSTANT_CONVERSION = YES;
				CLANG_WARN_DIRECT_OBJC_ISA_USAGE = YES_ERROR;
				CLANG_WARN_DOCUMENTATION_COMMENTS = YES;
				CLANG_WARN_EMPTY_BODY = YES;
				CLANG_WARN_ENUM_CONVERSION = YES;
				CLANG_WARN_INFINITE_RECURSION = YES;
				CLANG_WARN_INT_CONVERSION = YES;
				CLANG_WARN_OBJC_ROOT_CLASS = YES_ERROR;
				CLANG_WARN_SUSPICIOUS_MOVE = YES;
				CLANG_WARN_UNREACHABLE_CODE = YES;
				CLANG_WARN__DUPLICATE_METHOD_MATCH = YES;
				"CODE_SIGN_IDENTITY[sdk=iphoneos*]" = "iPhone Developer";
				COPY_PHASE_STRIP = NO;
				DEBUG_INFORMATION_FORMAT = dwarf;
				ENABLE_STRICT_OBJC_MSGSEND = YES;
				ENABLE_TESTABILITY = YES;
				GCC_C_LANGUAGE_STANDARD = gnu99;
				GCC_DYNAMIC_NO_PIC = NO;
				GCC_NO_COMMON_BLOCKS = YES;
				GCC_OPTIMIZATION_LEVEL = 0;
				GCC_PREPROCESSOR_DEFINITIONS = (
					"DEBUG=1",
					"$(inherited)",
				);
				GCC_WARN_64_TO_32_BIT_CONVERSION = YES;
				GCC_WARN_ABOUT_RETURN_TYPE = YES_ERROR;
				GCC_WARN_UNDECLARED_SELECTOR = YES;
				GCC_WARN_UNINITIALIZED_AUTOS = YES_AGGRESSIVE;
				GCC_WARN_UNUSED_FUNCTION = YES;
				GCC_WARN_UNUSED_VARIABLE = YES;
				IPHONEOS_DEPLOYMENT_TARGET = 10.2;
				MTL_ENABLE_DEBUG_INFO = YES;
				ONLY_ACTIVE_ARCH = YES;
				SDKROOT = iphoneos;
				SWIFT_ACTIVE_COMPILATION_CONDITIONS = DEBUG;
				SWIFT_OPTIMIZATION_LEVEL = "-Onone";
				TARGETED_DEVICE_FAMILY = "1,2";
			};
			name = Debug;
		};
		42C4AB991F88AE0C000D4282 /* Release */ = {
			isa = XCBuildConfiguration;
			buildSettings = {
				ALWAYS_SEARCH_USER_PATHS = NO;
				CLANG_ANALYZER_NONNULL = YES;
				CLANG_CXX_LANGUAGE_STANDARD = "gnu++0x";
				CLANG_CXX_LIBRARY = "libc++";
				CLANG_ENABLE_MODULES = YES;
				CLANG_ENABLE_OBJC_ARC = YES;
				CLANG_WARN_BOOL_CONVERSION = YES;
				CLANG_WARN_CONSTANT_CONVERSION = YES;
				CLANG_WARN_DIRECT_OBJC_ISA_USAGE = YES_ERROR;
				CLANG_WARN_DOCUMENTATION_COMMENTS = YES;
				CLANG_WARN_EMPTY_BODY = YES;
				CLANG_WARN_ENUM_CONVERSION = YES;
				CLANG_WARN_INFINITE_RECURSION = YES;
				CLANG_WARN_INT_CONVERSION = YES;
				CLANG_WARN_OBJC_ROOT_CLASS = YES_ERROR;
				CLANG_WARN_SUSPICIOUS_MOVE = YES;
				CLANG_WARN_UNREACHABLE_CODE = YES;
				CLANG_WARN__DUPLICATE_METHOD_MATCH = YES;
				"CODE_SIGN_IDENTITY[sdk=iphoneos*]" = "iPhone Developer";
				COPY_PHASE_STRIP = NO;
				DEBUG_INFORMATION_FORMAT = "dwarf-with-dsym";
				ENABLE_NS_ASSERTIONS = NO;
				ENABLE_STRICT_OBJC_MSGSEND = YES;
				GCC_C_LANGUAGE_STANDARD = gnu99;
				GCC_NO_COMMON_BLOCKS = YES;
				GCC_WARN_64_TO_32_BIT_CONVERSION = YES;
				GCC_WARN_ABOUT_RETURN_TYPE = YES_ERROR;
				GCC_WARN_UNDECLARED_SELECTOR = YES;
				GCC_WARN_UNINITIALIZED_AUTOS = YES_AGGRESSIVE;
				GCC_WARN_UNUSED_FUNCTION = YES;
				GCC_WARN_UNUSED_VARIABLE = YES;
				IPHONEOS_DEPLOYMENT_TARGET = 10.2;
				MTL_ENABLE_DEBUG_INFO = NO;
				SDKROOT = iphoneos;
				SWIFT_OPTIMIZATION_LEVEL = "-Owholemodule";
				TARGETED_DEVICE_FAMILY = "1,2";
				VALIDATE_PRODUCT = YES;
			};
			name = Release;
		};
		42C4AB9B1F88AE0C000D4282 /* Debug */ = {
			isa = XCBuildConfiguration;
			baseConfigurationReference = 63B2BB47916826609F7D2420 /* Pods-imgur.debug.xcconfig */;
			buildSettings = {
				ASSETCATALOG_COMPILER_APPICON_NAME = AppIcon;
				INFOPLIST_FILE = imgur/Info.plist;
				LD_RUNPATH_SEARCH_PATHS = "$(inherited) @executable_path/Frameworks";
				PRODUCT_BUNDLE_IDENTIFIER = ivan.imgur;
				PRODUCT_NAME = "$(TARGET_NAME)";
				SWIFT_VERSION = 3.0;
			};
			name = Debug;
		};
		42C4AB9C1F88AE0C000D4282 /* Release */ = {
			isa = XCBuildConfiguration;
			baseConfigurationReference = C72F14307B957A99ABBBD17B /* Pods-imgur.release.xcconfig */;
			buildSettings = {
				ASSETCATALOG_COMPILER_APPICON_NAME = AppIcon;
				INFOPLIST_FILE = imgur/Info.plist;
				LD_RUNPATH_SEARCH_PATHS = "$(inherited) @executable_path/Frameworks";
				PRODUCT_BUNDLE_IDENTIFIER = ivan.imgur;
				PRODUCT_NAME = "$(TARGET_NAME)";
				SWIFT_VERSION = 3.0;
			};
			name = Release;
		};
		42C4AB9E1F88AE0C000D4282 /* Debug */ = {
			isa = XCBuildConfiguration;
			baseConfigurationReference = 4EF5FF0D6E29B71904201B6C /* Pods-imgurTests.debug.xcconfig */;
			buildSettings = {
				ALWAYS_EMBED_SWIFT_STANDARD_LIBRARIES = YES;
				BUNDLE_LOADER = "$(TEST_HOST)";
				INFOPLIST_FILE = imgurTests/Info.plist;
				LD_RUNPATH_SEARCH_PATHS = "$(inherited) @executable_path/Frameworks @loader_path/Frameworks";
				PRODUCT_BUNDLE_IDENTIFIER = ivan.imgurTests;
				PRODUCT_NAME = "$(TARGET_NAME)";
				SWIFT_VERSION = 3.0;
				TEST_HOST = "$(BUILT_PRODUCTS_DIR)/imgur.app/imgur";
			};
			name = Debug;
		};
		42C4AB9F1F88AE0C000D4282 /* Release */ = {
			isa = XCBuildConfiguration;
			baseConfigurationReference = E0A760DDC166EBB554F22304 /* Pods-imgurTests.release.xcconfig */;
			buildSettings = {
				ALWAYS_EMBED_SWIFT_STANDARD_LIBRARIES = YES;
				BUNDLE_LOADER = "$(TEST_HOST)";
				INFOPLIST_FILE = imgurTests/Info.plist;
				LD_RUNPATH_SEARCH_PATHS = "$(inherited) @executable_path/Frameworks @loader_path/Frameworks";
				PRODUCT_BUNDLE_IDENTIFIER = ivan.imgurTests;
				PRODUCT_NAME = "$(TARGET_NAME)";
				SWIFT_VERSION = 3.0;
				TEST_HOST = "$(BUILT_PRODUCTS_DIR)/imgur.app/imgur";
			};
			name = Release;
		};
		42C4ABA11F88AE0C000D4282 /* Debug */ = {
			isa = XCBuildConfiguration;
			baseConfigurationReference = 54EE71FC24B3B7FBE53B4992 /* Pods-imgurUITests.debug.xcconfig */;
			buildSettings = {
				ALWAYS_EMBED_SWIFT_STANDARD_LIBRARIES = YES;
				INFOPLIST_FILE = imgurUITests/Info.plist;
				LD_RUNPATH_SEARCH_PATHS = "$(inherited) @executable_path/Frameworks @loader_path/Frameworks";
				PRODUCT_BUNDLE_IDENTIFIER = ivan.imgurUITests;
				PRODUCT_NAME = "$(TARGET_NAME)";
				SWIFT_VERSION = 3.0;
				TEST_TARGET_NAME = imgur;
			};
			name = Debug;
		};
		42C4ABA21F88AE0C000D4282 /* Release */ = {
			isa = XCBuildConfiguration;
			baseConfigurationReference = 486D559263A0FBEFDD86E6B0 /* Pods-imgurUITests.release.xcconfig */;
			buildSettings = {
				ALWAYS_EMBED_SWIFT_STANDARD_LIBRARIES = YES;
				INFOPLIST_FILE = imgurUITests/Info.plist;
				LD_RUNPATH_SEARCH_PATHS = "$(inherited) @executable_path/Frameworks @loader_path/Frameworks";
				PRODUCT_BUNDLE_IDENTIFIER = ivan.imgurUITests;
				PRODUCT_NAME = "$(TARGET_NAME)";
				SWIFT_VERSION = 3.0;
				TEST_TARGET_NAME = imgur;
			};
			name = Release;
		};
/* End XCBuildConfiguration section */

/* Begin XCConfigurationList section */
		42C4AB6D1F88AE0B000D4282 /* Build configuration list for PBXProject "imgur" */ = {
			isa = XCConfigurationList;
			buildConfigurations = (
				42C4AB981F88AE0C000D4282 /* Debug */,
				42C4AB991F88AE0C000D4282 /* Release */,
			);
			defaultConfigurationIsVisible = 0;
			defaultConfigurationName = Release;
		};
		42C4AB9A1F88AE0C000D4282 /* Build configuration list for PBXNativeTarget "imgur" */ = {
			isa = XCConfigurationList;
			buildConfigurations = (
				42C4AB9B1F88AE0C000D4282 /* Debug */,
				42C4AB9C1F88AE0C000D4282 /* Release */,
			);
			defaultConfigurationIsVisible = 0;
			defaultConfigurationName = Release;
		};
		42C4AB9D1F88AE0C000D4282 /* Build configuration list for PBXNativeTarget "imgurTests" */ = {
			isa = XCConfigurationList;
			buildConfigurations = (
				42C4AB9E1F88AE0C000D4282 /* Debug */,
				42C4AB9F1F88AE0C000D4282 /* Release */,
			);
			defaultConfigurationIsVisible = 0;
			defaultConfigurationName = Release;
		};
		42C4ABA01F88AE0C000D4282 /* Build configuration list for PBXNativeTarget "imgurUITests" */ = {
			isa = XCConfigurationList;
			buildConfigurations = (
				42C4ABA11F88AE0C000D4282 /* Debug */,
				42C4ABA21F88AE0C000D4282 /* Release */,
			);
			defaultConfigurationIsVisible = 0;
			defaultConfigurationName = Release;
		};
/* End XCConfigurationList section */
	};
	rootObject = 42C4AB6A1F88AE0B000D4282 /* Project object */;
}
